
Microsoft Visual Studio Solution File, Format Version 12.00
# Visual Studio Version 17
VisualStudioVersion = 17.0.31903.59
MinimumVisualStudioVersion = 10.0.40219.1
Project("{2150E333-8FDC-42A3-9474-1A3956D46DE8}") = "src", "src", "{827E0CD3-B72D-47B6-A68D-7590B98EB39B}"
EndProject
Project("{FAE04EC0-301F-11D3-BF4B-00C04F79EFBC}") = "SW_CM_Reservas.Api", "src\SW_CMApi.Api\SW_CM_Reservas.Api.csproj", "{0EDD3FC7-7A42-4BD4-A11B-A662312610AB}"
EndProject
Project("{FAE04EC0-301F-11D3-BF4B-00C04F79EFBC}") = "SW_CMApi.Domain", "src\SW_CMApi.Domain\SW_CMApi.Domain.csproj", "{147F8460-B8C3-4508-8FB6-800B36D43F53}"
EndProject
Project("{FAE04EC0-301F-11D3-BF4B-00C04F79EFBC}") = "SW_CMApi.Application", "src\SW_CMApi.Application\SW_CMApi.Application.csproj", "{3C662B79-86DA-4DCF-88F7-C8A1418D7CEB}"
EndProject
Project("{FAE04EC0-301F-11D3-BF4B-00C04F79EFBC}") = "SW_CMApi.Infrastructure", "src\SW_CMApi.Infrastructure\SW_CMApi.Infrastructure.csproj", "{E0FD7C4A-32E1-4E02-A2C1-55956217608C}"
EndProject
Global
	GlobalSection(SolutionConfigurationPlatforms) = preSolution
		Debug|Any CPU = Debug|Any CPU
		Debug|x64 = Debug|x64
		Debug|x86 = Debug|x86
		Release|Any CPU = Release|Any CPU
		Release|x64 = Release|x64
		Release|x86 = Release|x86
	EndGlobalSection
	GlobalSection(ProjectConfigurationPlatforms) = postSolution
		{0EDD3FC7-7A42-4BD4-A11B-A662312610AB}.Debug|Any CPU.ActiveCfg = Debug|Any CPU
		{0EDD3FC7-7A42-4BD4-A11B-A662312610AB}.Debug|Any CPU.Build.0 = Debug|Any CPU
		{0EDD3FC7-7A42-4BD4-A11B-A662312610AB}.Debug|x64.ActiveCfg = Debug|Any CPU
		{0EDD3FC7-7A42-4BD4-A11B-A662312610AB}.Debug|x64.Build.0 = Debug|Any CPU
		{0EDD3FC7-7A42-4BD4-A11B-A662312610AB}.Debug|x86.ActiveCfg = Debug|Any CPU
		{0EDD3FC7-7A42-4BD4-A11B-A662312610AB}.Debug|x86.Build.0 = Debug|Any CPU
		{0EDD3FC7-7A42-4BD4-A11B-A662312610AB}.Release|Any CPU.ActiveCfg = Release|Any CPU
		{0EDD3FC7-7A42-4BD4-A11B-A662312610AB}.Release|Any CPU.Build.0 = Release|Any CPU
		{0EDD3FC7-7A42-4BD4-A11B-A662312610AB}.Release|x64.ActiveCfg = Release|Any CPU
		{0EDD3FC7-7A42-4BD4-A11B-A662312610AB}.Release|x64.Build.0 = Release|Any CPU
		{0EDD3FC7-7A42-4BD4-A11B-A662312610AB}.Release|x86.ActiveCfg = Release|Any CPU
		{0EDD3FC7-7A42-4BD4-A11B-A662312610AB}.Release|x86.Build.0 = Release|Any CPU
		{147F8460-B8C3-4508-8FB6-800B36D43F53}.Debug|Any CPU.ActiveCfg = Debug|Any CPU
		{147F8460-B8C3-4508-8FB6-800B36D43F53}.Debug|Any CPU.Build.0 = Debug|Any CPU
		{147F8460-B8C3-4508-8FB6-800B36D43F53}.Debug|x64.ActiveCfg = Debug|Any CPU
		{147F8460-B8C3-4508-8FB6-800B36D43F53}.Debug|x64.Build.0 = Debug|Any CPU
		{147F8460-B8C3-4508-8FB6-800B36D43F53}.Debug|x86.ActiveCfg = Debug|Any CPU
		{147F8460-B8C3-4508-8FB6-800B36D43F53}.Debug|x86.Build.0 = Debug|Any CPU
		{147F8460-B8C3-4508-8FB6-800B36D43F53}.Release|Any CPU.ActiveCfg = Release|Any CPU
		{147F8460-B8C3-4508-8FB6-800B36D43F53}.Release|Any CPU.Build.0 = Release|Any CPU
		{147F8460-B8C3-4508-8FB6-800B36D43F53}.Release|x64.ActiveCfg = Release|Any CPU
		{147F8460-B8C3-4508-8FB6-800B36D43F53}.Release|x64.Build.0 = Release|Any CPU
		{147F8460-B8C3-4508-8FB6-800B36D43F53}.Release|x86.ActiveCfg = Release|Any CPU
		{147F8460-B8C3-4508-8FB6-800B36D43F53}.Release|x86.Build.0 = Release|Any CPU
		{3C662B79-86DA-4DCF-88F7-C8A1418D7CEB}.Debug|Any CPU.ActiveCfg = Debug|Any CPU
		{3C662B79-86DA-4DCF-88F7-C8A1418D7CEB}.Debug|Any CPU.Build.0 = Debug|Any CPU
		{3C662B79-86DA-4DCF-88F7-C8A1418D7CEB}.Debug|x64.ActiveCfg = Debug|Any CPU
		{3C662B79-86DA-4DCF-88F7-C8A1418D7CEB}.Debug|x64.Build.0 = Debug|Any CPU
		{3C662B79-86DA-4DCF-88F7-C8A1418D7CEB}.Debug|x86.ActiveCfg = Debug|Any CPU
		{3C662B79-86DA-4DCF-88F7-C8A1418D7CEB}.Debug|x86.Build.0 = Debug|Any CPU
		{3C662B79-86DA-4DCF-88F7-C8A1418D7CEB}.Release|Any CPU.ActiveCfg = Release|Any CPU
		{3C662B79-86DA-4DCF-88F7-C8A1418D7CEB}.Release|Any CPU.Build.0 = Release|Any CPU
		{3C662B79-86DA-4DCF-88F7-C8A1418D7CEB}.Release|x64.ActiveCfg = Release|Any CPU
		{3C662B79-86DA-4DCF-88F7-C8A1418D7CEB}.Release|x64.Build.0 = Release|Any CPU
		{3C662B79-86DA-4DCF-88F7-C8A1418D7CEB}.Release|x86.ActiveCfg = Release|Any CPU
		{3C662B79-86DA-4DCF-88F7-C8A1418D7CEB}.Release|x86.Build.0 = Release|Any CPU
		{E0FD7C4A-32E1-4E02-A2C1-55956217608C}.Debug|Any CPU.ActiveCfg = Debug|Any CPU
		{E0FD7C4A-32E1-4E02-A2C1-55956217608C}.Debug|Any CPU.Build.0 = Debug|Any CPU
		{E0FD7C4A-32E1-4E02-A2C1-55956217608C}.Debug|x64.ActiveCfg = Debug|Any CPU
		{E0FD7C4A-32E1-4E02-A2C1-55956217608C}.Debug|x64.Build.0 = Debug|Any CPU
		{E0FD7C4A-32E1-4E02-A2C1-55956217608C}.Debug|x86.ActiveCfg = Debug|Any CPU
		{E0FD7C4A-32E1-4E02-A2C1-55956217608C}.Debug|x86.Build.0 = Debug|Any CPU
		{E0FD7C4A-32E1-4E02-A2C1-55956217608C}.Release|Any CPU.ActiveCfg = Release|Any CPU
		{E0FD7C4A-32E1-4E02-A2C1-55956217608C}.Release|Any CPU.Build.0 = Release|Any CPU
		{E0FD7C4A-32E1-4E02-A2C1-55956217608C}.Release|x64.ActiveCfg = Release|Any CPU
		{E0FD7C4A-32E1-4E02-A2C1-55956217608C}.Release|x64.Build.0 = Release|Any CPU
		{E0FD7C4A-32E1-4E02-A2C1-55956217608C}.Release|x86.ActiveCfg = Release|Any CPU
		{E0FD7C4A-32E1-4E02-A2C1-55956217608C}.Release|x86.Build.0 = Release|Any CPU
	EndGlobalSection
	GlobalSection(SolutionProperties) = preSolution
		HideSolutionNode = FALSE
	EndGlobalSection
	GlobalSection(NestedProjects) = preSolution
		{0EDD3FC7-7A42-4BD4-A11B-A662312610AB} = {827E0CD3-B72D-47B6-A68D-7590B98EB39B}
		{147F8460-B8C3-4508-8FB6-800B36D43F53} = {827E0CD3-B72D-47B6-A68D-7590B98EB39B}
		{3C662B79-86DA-4DCF-88F7-C8A1418D7CEB} = {827E0CD3-B72D-47B6-A68D-7590B98EB39B}
		{E0FD7C4A-32E1-4E02-A2C1-55956217608C} = {827E0CD3-B72D-47B6-A68D-7590B98EB39B}
	EndGlobalSection
	GlobalSection(ExtensibilityGlobals) = postSolution
		SolutionGuid = {15E0BBB8-5A3F-410D-9F01-74BA4CA32B6A}
	EndGlobalSection
EndGlobal
